// !$*UTF8*$!
{
	archiveVersion = 1;
	classes = {
	};
	objectVersion = 77;
	objects = {

/* Begin PBXBuildFile section */
		8466A1E92EC63C5600A8C2E5 /* NetworkExtension.framework in Frameworks */ = {isa = PBXBuildFile; fileRef = 8466A1E82EC63C5600A8C2E5 /* NetworkExtension.framework */; };
		8466A1F32EC63C5600A8C2E5 /* com.interceptsuite.ProxyBridge.extension.systemextension in Embed System Extensions */ = {isa = PBXBuildFile; fileRef = 8466A1E62EC63C5600A8C2E5 /* com.interceptsuite.ProxyBridge.extension.systemextension */; settings = {ATTRIBUTES = (RemoveHeadersOnCopy, ); }; };
/* End PBXBuildFile section */

/* Begin PBXContainerItemProxy section */
		8466A1F12EC63C5600A8C2E5 /* PBXContainerItemProxy */ = {
			isa = PBXContainerItemProxy;
			containerPortal = 8466A1CB2EC63B9400A8C2E5 /* Project object */;
			proxyType = 1;
			remoteGlobalIDString = 8466A1E52EC63C5600A8C2E5;
			remoteInfo = extension;
		};
/* End PBXContainerItemProxy section */

/* Begin PBXCopyFilesBuildPhase section */
		8466A1F82EC63C5600A8C2E5 /* Embed System Extensions */ = {
			isa = PBXCopyFilesBuildPhase;
			buildActionMask = 2147483647;
			dstPath = "$(SYSTEM_EXTENSIONS_FOLDER_PATH)";
			dstSubfolderSpec = 16;
			files = (
				8466A1F32EC63C5600A8C2E5 /* com.interceptsuite.ProxyBridge.extension.systemextension in Embed System Extensions */,
			);
			name = "Embed System Extensions";
			runOnlyForDeploymentPostprocessing = 0;
		};
/* End PBXCopyFilesBuildPhase section */

/* Begin PBXFileReference section */
		1B7672902F421AB400B323D6 /* Signing-Config-app.xcconfig */ = {isa = PBXFileReference; lastKnownFileType = text.xcconfig; path = "Signing-Config-app.xcconfig"; sourceTree = "<group>"; };
		1B7672932F421ABA00B323D6 /* Signing-Config-ext.xcconfig */ = {isa = PBXFileReference; lastKnownFileType = text.xcconfig; path = "Signing-Config-ext.xcconfig"; sourceTree = "<group>"; };
		8466A1D32EC63B9400A8C2E5 /* ProxyBridge.app */ = {isa = PBXFileReference; explicitFileType = wrapper.application; includeInIndex = 0; path = ProxyBridge.app; sourceTree = BUILT_PRODUCTS_DIR; };
		8466A1E62EC63C5600A8C2E5 /* com.interceptsuite.ProxyBridge.extension.systemextension */ = {isa = PBXFileReference; explicitFileType = "wrapper.system-extension"; includeInIndex = 0; path = com.interceptsuite.ProxyBridge.extension.systemextension; sourceTree = BUILT_PRODUCTS_DIR; };
		8466A1E82EC63C5600A8C2E5 /* NetworkExtension.framework */ = {isa = PBXFileReference; lastKnownFileType = wrapper.framework; name = NetworkExtension.framework; path = System/Library/Frameworks/NetworkExtension.framework; sourceTree = SDKROOT; };
		846F78F82F14204F00C94754 /* Signing-Config-ext.xcconfig */ = {isa = PBXFileReference; lastKnownFileType = text.xcconfig; path = "Signing-Config-ext.xcconfig"; sourceTree = "<group>"; };
		84AFF4662F23CAC8007CF0B0 /* Signing-Config-app.xcconfig */ = {isa = PBXFileReference; lastKnownFileType = text.xcconfig; path = "Signing-Config-app.xcconfig"; sourceTree = "<group>"; };
		84AFF4692F23CAD5007CF0B0 /* Signing-Config-ext.xcconfig */ = {isa = PBXFileReference; lastKnownFileType = text.xcconfig; path = "Signing-Config-ext.xcconfig"; sourceTree = "<group>"; };
		84B1D8002F141B2300D0E39B /* Signing-Config-app.xcconfig */ = {isa = PBXFileReference; lastKnownFileType = text.xcconfig; path = "Signing-Config-app.xcconfig"; sourceTree = "<group>"; };
/* End PBXFileReference section */

/* Begin PBXFileSystemSynchronizedBuildFileExceptionSet section */
		8466A1F42EC63C5600A8C2E5 /* Exceptions for "extension" folder in "extension" target */ = {
			isa = PBXFileSystemSynchronizedBuildFileExceptionSet;
			membershipExceptions = (
				Info.plist,
			);
			target = 8466A1E52EC63C5600A8C2E5 /* extension */;
		};
/* End PBXFileSystemSynchronizedBuildFileExceptionSet section */

/* Begin PBXFileSystemSynchronizedRootGroup section */
		8466A1D52EC63B9400A8C2E5 /* ProxyBridge */ = {
			isa = PBXFileSystemSynchronizedRootGroup;
			path = ProxyBridge;
			sourceTree = "<group>";
		};
		8466A1EA2EC63C5600A8C2E5 /* extension */ = {
			isa = PBXFileSystemSynchronizedRootGroup;
			exceptions = (
				8466A1F42EC63C5600A8C2E5 /* Exceptions for "extension" folder in "extension" target */,
			);
			path = extension;
			sourceTree = "<group>";
		};
/* End PBXFileSystemSynchronizedRootGroup section */

/* Begin PBXFrameworksBuildPhase section */
		8466A1D02EC63B9400A8C2E5 /* Frameworks */ = {
			isa = PBXFrameworksBuildPhase;
			buildActionMask = 2147483647;
			files = (
			);
			runOnlyForDeploymentPostprocessing = 0;
		};
		8466A1E32EC63C5600A8C2E5 /* Frameworks */ = {
			isa = PBXFrameworksBuildPhase;
			buildActionMask = 2147483647;
			files = (
				8466A1E92EC63C5600A8C2E5 /* NetworkExtension.framework in Frameworks */,
			);
			runOnlyForDeploymentPostprocessing = 0;
		};
/* End PBXFrameworksBuildPhase section */

/* Begin PBXGroup section */
		8466A1CA2EC63B9400A8C2E5 = {
			isa = PBXGroup;
			children = (
				846F78F82F14204F00C94754 /* Signing-Config-ext.xcconfig */,
				84B1D8002F141B2300D0E39B /* Signing-Config-app.xcconfig */,
				8466A1D52EC63B9400A8C2E5 /* ProxyBridge */,
				8466A1EA2EC63C5600A8C2E5 /* extension */,
				8466A1E72EC63C5600A8C2E5 /* Frameworks */,
				8466A1D42EC63B9400A8C2E5 /* Products */,
				84AFF4662F23CAC8007CF0B0 /* Signing-Config-app.xcconfig */,
				84AFF4692F23CAD5007CF0B0 /* Signing-Config-ext.xcconfig */,
				1B7672902F421AB400B323D6 /* Signing-Config-app.xcconfig */,
				1B7672932F421ABA00B323D6 /* Signing-Config-ext.xcconfig */,
			);
			sourceTree = "<group>";
		};
		8466A1D42EC63B9400A8C2E5 /* Products */ = {
			isa = PBXGroup;
			children = (
				8466A1D32EC63B9400A8C2E5 /* ProxyBridge.app */,
				8466A1E62EC63C5600A8C2E5 /* com.interceptsuite.ProxyBridge.extension.systemextension */,
			);
			name = Products;
			sourceTree = "<group>";
		};
		8466A1E72EC63C5600A8C2E5 /* Frameworks */ = {
			isa = PBXGroup;
			children = (
				8466A1E82EC63C5600A8C2E5 /* NetworkExtension.framework */,
			);
			name = Frameworks;
			sourceTree = "<group>";
		};
/* End PBXGroup section */

/* Begin PBXNativeTarget section */
		8466A1D22EC63B9400A8C2E5 /* ProxyBridge */ = {
			isa = PBXNativeTarget;
			buildConfigurationList = 8466A1DE2EC63B9500A8C2E5 /* Build configuration list for PBXNativeTarget "ProxyBridge" */;
			buildPhases = (
				8466A1CF2EC63B9400A8C2E5 /* Sources */,
				8466A1D02EC63B9400A8C2E5 /* Frameworks */,
				8466A1D12EC63B9400A8C2E5 /* Resources */,
				8466A1F82EC63C5600A8C2E5 /* Embed System Extensions */,
			);
			buildRules = (
			);
			dependencies = (
				8466A1F22EC63C5600A8C2E5 /* PBXTargetDependency */,
			);
			fileSystemSynchronizedGroups = (
				8466A1D52EC63B9400A8C2E5 /* ProxyBridge */,
			);
			name = ProxyBridge;
			packageProductDependencies = (
			);
			productName = ProxyBridge;
			productReference = 8466A1D32EC63B9400A8C2E5 /* ProxyBridge.app */;
			productType = "com.apple.product-type.application";
		};
		8466A1E52EC63C5600A8C2E5 /* extension */ = {
			isa = PBXNativeTarget;
			buildConfigurationList = 8466A1F52EC63C5600A8C2E5 /* Build configuration list for PBXNativeTarget "extension" */;
			buildPhases = (
				8466A1E22EC63C5600A8C2E5 /* Sources */,
				8466A1E32EC63C5600A8C2E5 /* Frameworks */,
				8466A1E42EC63C5600A8C2E5 /* Resources */,
			);
			buildRules = (
			);
			dependencies = (
			);
			fileSystemSynchronizedGroups = (
				8466A1EA2EC63C5600A8C2E5 /* extension */,
			);
			name = extension;
			packageProductDependencies = (
			);
			productName = extension;
			productReference = 8466A1E62EC63C5600A8C2E5 /* com.interceptsuite.ProxyBridge.extension.systemextension */;
			productType = "com.apple.product-type.system-extension";
		};
/* End PBXNativeTarget section */

/* Begin PBXProject section */
		8466A1CB2EC63B9400A8C2E5 /* Project object */ = {
			isa = PBXProject;
			attributes = {
				BuildIndependentTargetsInParallel = 1;
				LastSwiftUpdateCheck = 2600;
				LastUpgradeCheck = 2600;
				TargetAttributes = {
					8466A1D22EC63B9400A8C2E5 = {
						CreatedOnToolsVersion = 26.0.1;
					};
					8466A1E52EC63C5600A8C2E5 = {
						CreatedOnToolsVersion = 26.0.1;
					};
				};
			};
			buildConfigurationList = 8466A1CE2EC63B9400A8C2E5 /* Build configuration list for PBXProject "ProxyBridge" */;
			developmentRegion = en;
			hasScannedForEncodings = 0;
			knownRegions = (
				en,
				Base,
			);
			mainGroup = 8466A1CA2EC63B9400A8C2E5;
			minimizedProjectReferenceProxies = 1;
			preferredProjectObjectVersion = 77;
			productRefGroup = 8466A1D42EC63B9400A8C2E5 /* Products */;
			projectDirPath = "";
			projectRoot = "";
			targets = (
				8466A1D22EC63B9400A8C2E5 /* ProxyBridge */,
				8466A1E52EC63C5600A8C2E5 /* extension */,
			);
		};
/* End PBXProject section */

/* Begin PBXResourcesBuildPhase section */
		8466A1D12EC63B9400A8C2E5 /* Resources */ = {
			isa = PBXResourcesBuildPhase;
			buildActionMask = 2147483647;
			files = (
			);
			runOnlyForDeploymentPostprocessing = 0;
		};
		8466A1E42EC63C5600A8C2E5 /* Resources */ = {
			isa = PBXResourcesBuildPhase;
			buildActionMask = 2147483647;
			files = (
			);
			runOnlyForDeploymentPostprocessing = 0;
		};
/* End PBXResourcesBuildPhase section */

/* Begin PBXSourcesBuildPhase section */
		8466A1CF2EC63B9400A8C2E5 /* Sources */ = {
			isa = PBXSourcesBuildPhase;
			buildActionMask = 2147483647;
			files = (
			);
			runOnlyForDeploymentPostprocessing = 0;
		};
		8466A1E22EC63C5600A8C2E5 /* Sources */ = {
			isa = PBXSourcesBuildPhase;
			buildActionMask = 2147483647;
			files = (
			);
			runOnlyForDeploymentPostprocessing = 0;
		};
/* End PBXSourcesBuildPhase section */

/* Begin PBXTargetDependency section */
		8466A1F22EC63C5600A8C2E5 /* PBXTargetDependency */ = {
			isa = PBXTargetDependency;
			target = 8466A1E52EC63C5600A8C2E5 /* extension */;
			targetProxy = 8466A1F12EC63C5600A8C2E5 /* PBXContainerItemProxy */;
		};
/* End PBXTargetDependency section */

/* Begin XCBuildConfiguration section */
		8466A1DC2EC63B9500A8C2E5 /* Debug */ = {
			isa = XCBuildConfiguration;
			buildSettings = {
				ALWAYS_SEARCH_USER_PATHS = NO;
				ASSETCATALOG_COMPILER_GENERATE_SWIFT_ASSET_SYMBOL_EXTENSIONS = YES;
				CLANG_ANALYZER_NONNULL = YES;
				CLANG_ANALYZER_NUMBER_OBJECT_CONVERSION = YES_AGGRESSIVE;
				CLANG_CXX_LANGUAGE_STANDARD = "gnu++20";
				CLANG_ENABLE_MODULES = YES;
				CLANG_ENABLE_OBJC_ARC = YES;
				CLANG_ENABLE_OBJC_WEAK = YES;
				CLANG_WARN_BLOCK_CAPTURE_AUTORELEASING = YES;
				CLANG_WARN_BOOL_CONVERSION = YES;
				CLANG_WARN_COMMA = YES;
				CLANG_WARN_CONSTANT_CONVERSION = YES;
				CLANG_WARN_DEPRECATED_OBJC_IMPLEMENTATIONS = YES;
				CLANG_WARN_DIRECT_OBJC_ISA_USAGE = YES_ERROR;
				CLANG_WARN_DOCUMENTATION_COMMENTS = YES;
				CLANG_WARN_EMPTY_BODY = YES;
				CLANG_WARN_ENUM_CONVERSION = YES;
				CLANG_WARN_INFINITE_RECURSION = YES;
				CLANG_WARN_INT_CONVERSION = YES;
				CLANG_WARN_NON_LITERAL_NULL_CONVERSION = YES;
				CLANG_WARN_OBJC_IMPLICIT_RETAIN_SELF = YES;
				CLANG_WARN_OBJC_LITERAL_CONVERSION = YES;
				CLANG_WARN_OBJC_ROOT_CLASS = YES_ERROR;
				CLANG_WARN_QUOTED_INCLUDE_IN_FRAMEWORK_HEADER = YES;
				CLANG_WARN_RANGE_LOOP_ANALYSIS = YES;
				CLANG_WARN_STRICT_PROTOTYPES = YES;
				CLANG_WARN_SUSPICIOUS_MOVE = YES;
				CLANG_WARN_UNGUARDED_AVAILABILITY = YES_AGGRESSIVE;
				CLANG_WARN_UNREACHABLE_CODE = YES;
				CLANG_WARN__DUPLICATE_METHOD_MATCH = YES;
				COPY_PHASE_STRIP = NO;
				DEBUG_INFORMATION_FORMAT = dwarf;
				DEVELOPMENT_TEAM = "";
				ENABLE_STRICT_OBJC_MSGSEND = YES;
				ENABLE_TESTABILITY = YES;
				ENABLE_USER_SCRIPT_SANDBOXING = NO;
				GCC_C_LANGUAGE_STANDARD = gnu17;
				GCC_DYNAMIC_NO_PIC = NO;
				GCC_NO_COMMON_BLOCKS = YES;
				GCC_OPTIMIZATION_LEVEL = 0;
				GCC_PREPROCESSOR_DEFINITIONS = (
					"DEBUG=1",
					"$(inherited)",
				);
				GCC_WARN_64_TO_32_BIT_CONVERSION = YES;
				GCC_WARN_ABOUT_RETURN_TYPE = YES_ERROR;
				GCC_WARN_UNDECLARED_SELECTOR = YES;
				GCC_WARN_UNINITIALIZED_AUTOS = YES_AGGRESSIVE;
				GCC_WARN_UNUSED_FUNCTION = YES;
				GCC_WARN_UNUSED_VARIABLE = YES;
				LOCALIZATION_PREFERS_STRING_CATALOGS = YES;
				MACOSX_DEPLOYMENT_TARGET = 13.0;
				MTL_ENABLE_DEBUG_INFO = INCLUDE_SOURCE;
				MTL_FAST_MATH = YES;
				ONLY_ACTIVE_ARCH = NO;
				SDKROOT = macosx;
				SWIFT_ACTIVE_COMPILATION_CONDITIONS = "DEBUG $(inherited)";
				SWIFT_OPTIMIZATION_LEVEL = "-Onone";
			};
			name = Debug;
		};
		8466A1DD2EC63B9500A8C2E5 /* Release */ = {
			isa = XCBuildConfiguration;
			buildSettings = {
				ALWAYS_SEARCH_USER_PATHS = NO;
				ARCHS = (
					arm64,
					x86_64,
				);
				ASSETCATALOG_COMPILER_GENERATE_SWIFT_ASSET_SYMBOL_EXTENSIONS = YES;
				CLANG_ANALYZER_NONNULL = YES;
				CLANG_ANALYZER_NUMBER_OBJECT_CONVERSION = YES_AGGRESSIVE;
				CLANG_CXX_LANGUAGE_STANDARD = "gnu++20";
				CLANG_ENABLE_MODULES = YES;
				CLANG_ENABLE_OBJC_ARC = YES;
				CLANG_ENABLE_OBJC_WEAK = YES;
				CLANG_WARN_BLOCK_CAPTURE_AUTORELEASING = YES;
				CLANG_WARN_BOOL_CONVERSION = YES;
				CLANG_WARN_COMMA = YES;
				CLANG_WARN_CONSTANT_CONVERSION = YES;
				CLANG_WARN_DEPRECATED_OBJC_IMPLEMENTATIONS = YES;
				CLANG_WARN_DIRECT_OBJC_ISA_USAGE = YES_ERROR;
				CLANG_WARN_DOCUMENTATION_COMMENTS = YES;
				CLANG_WARN_EMPTY_BODY = YES;
				CLANG_WARN_ENUM_CONVERSION = YES;
				CLANG_WARN_INFINITE_RECURSION = YES;
				CLANG_WARN_INT_CONVERSION = YES;
				CLANG_WARN_NON_LITERAL_NULL_CONVERSION = YES;
				CLANG_WARN_OBJC_IMPLICIT_RETAIN_SELF = YES;
				CLANG_WARN_OBJC_LITERAL_CONVERSION = YES;
				CLANG_WARN_OBJC_ROOT_CLASS = YES_ERROR;
				CLANG_WARN_QUOTED_INCLUDE_IN_FRAMEWORK_HEADER = YES;
				CLANG_WARN_RANGE_LOOP_ANALYSIS = YES;
				CLANG_WARN_STRICT_PROTOTYPES = YES;
				CLANG_WARN_SUSPICIOUS_MOVE = YES;
				CLANG_WARN_UNGUARDED_AVAILABILITY = YES_AGGRESSIVE;
				CLANG_WARN_UNREACHABLE_CODE = YES;
				CLANG_WARN__DUPLICATE_METHOD_MATCH = YES;
				COPY_PHASE_STRIP = NO;
				DEBUG_INFORMATION_FORMAT = "dwarf-with-dsym";
				DEVELOPMENT_TEAM = "";
				ENABLE_NS_ASSERTIONS = NO;
				ENABLE_STRICT_OBJC_MSGSEND = YES;
				ENABLE_USER_SCRIPT_SANDBOXING = NO;
				GCC_C_LANGUAGE_STANDARD = gnu17;
				GCC_NO_COMMON_BLOCKS = YES;
				GCC_WARN_64_TO_32_BIT_CONVERSION = YES;
				GCC_WARN_ABOUT_RETURN_TYPE = YES_ERROR;
				GCC_WARN_UNDECLARED_SELECTOR = YES;
				GCC_WARN_UNINITIALIZED_AUTOS = YES_AGGRESSIVE;
				GCC_WARN_UNUSED_FUNCTION = YES;
				GCC_WARN_UNUSED_VARIABLE = YES;
				LOCALIZATION_PREFERS_STRING_CATALOGS = YES;
				MACOSX_DEPLOYMENT_TARGET = 13.0;
				MTL_ENABLE_DEBUG_INFO = NO;
				MTL_FAST_MATH = YES;
				ONLY_ACTIVE_ARCH = NO;
				SDKROOT = macosx;
				SWIFT_COMPILATION_MODE = wholemodule;
			};
			name = Release;
		};
		8466A1DF2EC63B9500A8C2E5 /* Debug */ = {
			isa = XCBuildConfiguration;
			buildSettings = {
				ASSETCATALOG_COMPILER_APPICON_NAME = AppIcon;
				ASSETCATALOG_COMPILER_GLOBAL_ACCENT_COLOR_NAME = AccentColor;
				CODE_SIGN_ENTITLEMENTS = ProxyBridge/ProxyBridge.entitlements;
				CODE_SIGN_IDENTITY = "Developer ID Application";
				CODE_SIGN_STYLE = Automatic;
				COMBINE_HIDPI_IMAGES = YES;
				CURRENT_PROJECT_VERSION = 1;
				ENABLE_APP_SANDBOX = YES;
				ENABLE_HARDENED_RUNTIME = YES;
				ENABLE_INCOMING_NETWORK_CONNECTIONS = YES;
				ENABLE_OUTGOING_NETWORK_CONNECTIONS = YES;
				ENABLE_PREVIEWS = YES;
				ENABLE_RESOURCE_ACCESS_AUDIO_INPUT = NO;
				ENABLE_RESOURCE_ACCESS_BLUETOOTH = NO;
				ENABLE_RESOURCE_ACCESS_CALENDARS = NO;
				ENABLE_RESOURCE_ACCESS_CAMERA = NO;
				ENABLE_RESOURCE_ACCESS_CONTACTS = NO;
				ENABLE_RESOURCE_ACCESS_LOCATION = NO;
				ENABLE_RESOURCE_ACCESS_PRINTING = NO;
				ENABLE_RESOURCE_ACCESS_USB = NO;
				ENABLE_USER_SELECTED_FILES = readonly;
				GENERATE_INFOPLIST_FILE = YES;
				INFOPLIST_FILE = "";
				INFOPLIST_KEY_CFBundleDisplayName = ProxyBridge;
				INFOPLIST_KEY_LSApplicationCategoryType = "public.app-category.developer-tools";
				INFOPLIST_KEY_NSHumanReadableCopyright = "";
				INFOPLIST_KEY_NSLocalNetworkUsageDescription = "ProxyBridge connects to proxy servers on your local network to route traffic and to test proxy reachability.";
				LD_RUNPATH_SEARCH_PATHS = (
					"$(inherited)",
					"@executable_path/../Frameworks",
				);
				MARKETING_VERSION = 4.0.0;
				PRODUCT_BUNDLE_IDENTIFIER = com.interceptsuite.ProxyBridge;
				PRODUCT_NAME = "$(TARGET_NAME)";
				PROVISIONING_PROFILE_SPECIFIER = "";
				REGISTER_APP_GROUPS = YES;
				STRING_CATALOG_GENERATE_SYMBOLS = YES;
				SWIFT_APPROACHABLE_CONCURRENCY = YES;
				SWIFT_DEFAULT_ACTOR_ISOLATION = MainActor;
				SWIFT_EMIT_LOC_STRINGS = YES;
				SWIFT_UPCOMING_FEATURE_MEMBER_IMPORT_VISIBILITY = YES;
				SWIFT_VERSION = 5.0;
			};
			name = Debug;
		};
		8466A1E02EC63B9500A8C2E5 /* Release */ = {
			isa = XCBuildConfiguration;
			baseConfigurationReference = 1B7672902F421AB400B323D6 /* Signing-Config-app.xcconfig */;
			buildSettings = {
				ASSETCATALOG_COMPILER_APPICON_NAME = AppIcon;
				ASSETCATALOG_COMPILER_GLOBAL_ACCENT_COLOR_NAME = AccentColor;
				COMBINE_HIDPI_IMAGES = YES;
				CURRENT_PROJECT_VERSION = 1;
				ENABLE_APP_SANDBOX = YES;
				ENABLE_HARDENED_RUNTIME = YES;
				ENABLE_INCOMING_NETWORK_CONNECTIONS = YES;
				ENABLE_OUTGOING_NETWORK_CONNECTIONS = YES;
				ENABLE_PREVIEWS = YES;
				ENABLE_RESOURCE_ACCESS_AUDIO_INPUT = NO;
				ENABLE_RESOURCE_ACCESS_BLUETOOTH = NO;
				ENABLE_RESOURCE_ACCESS_CALENDARS = NO;
				ENABLE_RESOURCE_ACCESS_CAMERA = NO;
				ENABLE_RESOURCE_ACCESS_CONTACTS = NO;
				ENABLE_RESOURCE_ACCESS_LOCATION = NO;
				ENABLE_RESOURCE_ACCESS_PRINTING = NO;
				ENABLE_RESOURCE_ACCESS_USB = NO;
				ENABLE_USER_SELECTED_FILES = readonly;
				GENERATE_INFOPLIST_FILE = YES;
				INFOPLIST_FILE = "";
				INFOPLIST_KEY_CFBundleDisplayName = ProxyBridge;
				INFOPLIST_KEY_LSApplicationCategoryType = "public.app-category.developer-tools";
				INFOPLIST_KEY_NSHumanReadableCopyright = "";
				INFOPLIST_KEY_NSLocalNetworkUsageDescription = "ProxyBridge connects to proxy servers on your local network to route traffic and to test proxy reachability.";
				LD_RUNPATH_SEARCH_PATHS = (
					"$(inherited)",
					"@executable_path/../Frameworks",
				);
				MARKETING_VERSION = 4.0.0;
				"PROVISIONING_PROFILE_SPECIFIER[sdk=macosx*]" = "ProxyBridge Prod";
				REGISTER_APP_GROUPS = YES;
				STRING_CATALOG_GENERATE_SYMBOLS = YES;
				SWIFT_APPROACHABLE_CONCURRENCY = YES;
				SWIFT_DEFAULT_ACTOR_ISOLATION = MainActor;
				SWIFT_EMIT_LOC_STRINGS = YES;
				SWIFT_UPCOMING_FEATURE_MEMBER_IMPORT_VISIBILITY = YES;
				SWIFT_VERSION = 5.0;
			};
			name = Release;
		};
		8466A1F62EC63C5600A8C2E5 /* Debug */ = {
			isa = XCBuildConfiguration;
			buildSettings = {
				CODE_SIGN_ENTITLEMENTS = extension/extension.entitlements;
				CODE_SIGN_IDENTITY = "Developer ID Application";
				CODE_SIGN_STYLE = Automatic;
				CURRENT_PROJECT_VERSION = 1;
				DEVELOPMENT_TEAM = "";
				ENABLE_APP_SANDBOX = YES;
				ENABLE_HARDENED_RUNTIME = YES;
				ENABLE_INCOMING_NETWORK_CONNECTIONS = YES;
				ENABLE_OUTGOING_NETWORK_CONNECTIONS = YES;
				ENABLE_RESOURCE_ACCESS_AUDIO_INPUT = NO;
				ENABLE_RESOURCE_ACCESS_BLUETOOTH = NO;
				ENABLE_RESOURCE_ACCESS_CALENDARS = NO;
				ENABLE_RESOURCE_ACCESS_CAMERA = NO;
				ENABLE_RESOURCE_ACCESS_CONTACTS = NO;
				ENABLE_RESOURCE_ACCESS_LOCATION = NO;
				ENABLE_RESOURCE_ACCESS_PRINTING = NO;
				ENABLE_RESOURCE_ACCESS_USB = NO;
				GENERATE_INFOPLIST_FILE = YES;
				INFOPLIST_FILE = extension/Info.plist;
				INFOPLIST_KEY_CFBundleDisplayName = extension;
				INFOPLIST_KEY_NSHumanReadableCopyright = "";
				LD_RUNPATH_SEARCH_PATHS = (
					"$(inherited)",
					"@executable_path/../Frameworks",
					"@executable_path/../../../../Frameworks",
				);
				MARKETING_VERSION = 4.0.0;
				PRODUCT_BUNDLE_IDENTIFIER = com.interceptsuite.ProxyBridge.extension;
				PRODUCT_NAME = "$(inherited)";
				REGISTER_APP_GROUPS = YES;
				SKIP_INSTALL = YES;
				STRING_CATALOG_GENERATE_SYMBOLS = YES;
				SWIFT_APPROACHABLE_CONCURRENCY = YES;
				SWIFT_EMIT_LOC_STRINGS = YES;
				SWIFT_UPCOMING_FEATURE_MEMBER_IMPORT_VISIBILITY = YES;
				SWIFT_VERSION = 5.0;
			};
			name = Debug;
		};
		8466A1F72EC63C5600A8C2E5 /* Release */ = {
			isa = XCBuildConfiguration;
			baseConfigurationReference = 1B7672932F421ABA00B323D6 /* Signing-Config-ext.xcconfig */;
			buildSettings = {
				CURRENT_PROJECT_VERSION = 1;
				ENABLE_APP_SANDBOX = YES;
				ENABLE_HARDENED_RUNTIME = YES;
				ENABLE_INCOMING_NETWORK_CONNECTIONS = YES;
				ENABLE_OUTGOING_NETWORK_CONNECTIONS = YES;
				ENABLE_RESOURCE_ACCESS_AUDIO_INPUT = NO;
				ENABLE_RESOURCE_ACCESS_BLUETOOTH = NO;
				ENABLE_RESOURCE_ACCESS_CALENDARS = NO;
				ENABLE_RESOURCE_ACCESS_CAMERA = NO;
				ENABLE_RESOURCE_ACCESS_CONTACTS = NO;
				ENABLE_RESOURCE_ACCESS_LOCATION = NO;
				ENABLE_RESOURCE_ACCESS_PRINTING = NO;
				ENABLE_RESOURCE_ACCESS_USB = NO;
				GENERATE_INFOPLIST_FILE = YES;
				INFOPLIST_FILE = extension/Info.plist;
				INFOPLIST_KEY_CFBundleDisplayName = extension;
				INFOPLIST_KEY_NSHumanReadableCopyright = "";
				LD_RUNPATH_SEARCH_PATHS = (
					"$(inherited)",
					"@executable_path/../Frameworks",
					"@executable_path/../../../../Frameworks",
				);
				MARKETING_VERSION = 4.0.0;
				"PROVISIONING_PROFILE_SPECIFIER[sdk=macosx*]" = "ProxyBridge Extension Prod";
				REGISTER_APP_GROUPS = YES;
				SKIP_INSTALL = YES;
				STRING_CATALOG_GENERATE_SYMBOLS = YES;
				SWIFT_APPROACHABLE_CONCURRENCY = YES;
				SWIFT_EMIT_LOC_STRINGS = YES;
				SWIFT_UPCOMING_FEATURE_MEMBER_IMPORT_VISIBILITY = YES;
				SWIFT_VERSION = 5.0;
			};
			name = Release;
		};
/* End XCBuildConfiguration section */

/* Begin XCConfigurationList section */
		8466A1CE2EC63B9400A8C2E5 /* Build configuration list for PBXProject "ProxyBridge" */ = {
			isa = XCConfigurationList;
			buildConfigurations = (
				8466A1DC2EC63B9500A8C2E5 /* Debug */,
				8466A1DD2EC63B9500A8C2E5 /* Release */,
			);
			defaultConfigurationIsVisible = 0;
			defaultConfigurationName = Release;
		};
		8466A1DE2EC63B9500A8C2E5 /* Build configuration list for PBXNativeTarget "ProxyBridge" */ = {
			isa = XCConfigurationList;
			buildConfigurations = (
				8466A1DF2EC63B9500A8C2E5 /* Debug */,
				8466A1E02EC63B9500A8C2E5 /* Release */,
			);
			defaultConfigurationIsVisible = 0;
			defaultConfigurationName = Release;
		};
		8466A1F52EC63C5600A8C2E5 /* Build configuration list for PBXNativeTarget "extension" */ = {
			isa = XCConfigurationList;
			buildConfigurations = (
				8466A1F62EC63C5600A8C2E5 /* Debug */,
				8466A1F72EC63C5600A8C2E5 /* Release */,
			);
			defaultConfigurationIsVisible = 0;
			defaultConfigurationName = Release;
		};
/* End XCConfigurationList section */
	};
	rootObject = 8466A1CB2EC63B9400A8C2E5 /* Project object */;
}
